
Microsoft Visual Studio Solution File, Format Version 11.00
# Visual Studio 2010
Project("{FAE04EC0-301F-11D3-BF4B-00C04F79EFBC}") = "AryaStrategy", "AryaStrategy\AryaStrategy.csproj", "{69D04A7A-0E5A-4725-BF95-3BD08A6D1EC6}"
EndProject
Global
	GlobalSection(SolutionConfigurationPlatforms) = preSolution
		Debug|Any CPU = Debug|Any CPU
		Release|Any CPU = Release|Any CPU
	EndGlobalSection
	GlobalSection(ProjectConfigurationPlatforms) = postSolution
		{69D04A7A-0E5A-4725-BF95-3BD08A6D1EC6}.Debug|Any CPU.ActiveCfg = Debug|Any CPU
		{69D04A7A-0E5A-4725-BF95-3BD08A6D1EC6}.Debug|Any CPU.Build.0 = Debug|Any CPU
		{69D04A7A-0E5A-4725-BF95-3BD08A6D1EC6}.Release|Any CPU.ActiveCfg = Release|Any CPU
		{69D04A7A-0E5A-4725-BF95-3BD08A6D1EC6}.Release|Any CPU.Build.0 = Release|Any CPU
	EndGlobalSection
	GlobalSection(SolutionProperties) = preSolution
		HideSolutionNode = FALSE
	EndGlobalSection
EndGlobal
